
Microsoft Visual Studio Solution File, Format Version 12.00
# Visual Studio Version 17
VisualStudioVersion = 17.2.32630.192
MinimumVisualStudioVersion = 10.0.40219.1
Project("{8BC9CEB8-8B4A-11D0-8D11-00A0C91BC942}") = "Programmers.Test", "Programmers.Test\Programmers.Test.vcxproj", "{194F7ED1-F36F-4B27-9349-A1937F058881}"
EndProject
Project("{8BC9CEB8-8B4A-11D0-8D11-00A0C91BC942}") = "Project1.GetReportResult", "Project1.GetReportResult\Project1.GetReportResult.vcxproj", "{013DE9CF-657A-4C72-AE04-BCB1CA27EF8E}"
EndProject
Project("{8BC9CEB8-8B4A-11D0-8D11-00A0C91BC942}") = "Project2.GetLottoHighLowRanking", "Project2.GetLottoHighLowRanking\Project2.GetLottoHighLowRanking.vcxproj", "{7A4C607F-C777-424B-8C66-23B2FE0363F0}"
EndProject
Project("{8BC9CEB8-8B4A-11D0-8D11-00A0C91BC942}") = "Project3.RecommandNewID", "Project3.RecommandNewID\Project3.RecommandNewID.vcxproj", "{330A9723-A13C-44F5-94DF-A718679679B8}"
EndProject
Project("{8BC9CEB8-8B4A-11D0-8D11-00A0C91BC942}") = "Project60057.StringCompression", "Project60057.StringCompression\Project60057.StringCompression.vcxproj", "{2F723184-8B4F-4F67-BDC2-FC4204434492}"
EndProject
Project("{8BC9CEB8-8B4A-11D0-8D11-00A0C91BC942}") = "Project42888.OpenChattingRoom", "Project42888.OpenChattingRoom\Project42888.OpenChattingRoom.vcxproj", "{B3BAD8A2-CFA3-4D03-9B28-8269D5B6EF34}"
EndProject
Project("{8BC9CEB8-8B4A-11D0-8D11-00A0C91BC942}") = "Project1845.PonKetMon", "Project1845.PonKetMon\Project1845.PonKetMon.vcxproj", "{CD13645B-A20A-416F-A356-583E817929DF}"
EndProject
Project("{8BC9CEB8-8B4A-11D0-8D11-00A0C91BC942}") = "Project42577.PhoneNumberList", "Project42577.PhoneNumberList\Project42577.PhoneNumberList.vcxproj", "{BBC80375-5D0A-4051-B5D6-1EF1277B2F22}"
EndProject
Project("{8BC9CEB8-8B4A-11D0-8D11-00A0C91BC942}") = "Project42578.Camoflage", "Project42578.Camoflage\Project42578.Camoflage.vcxproj", "{2766D98C-7DBD-46F0-92D8-1253EE2D3A90}"
EndProject
Project("{8BC9CEB8-8B4A-11D0-8D11-00A0C91BC942}") = "Project42579.BestAlbum", "Project42579.BestAlbum\Project42579.BestAlbum.vcxproj", "{98409309-BF18-473D-AB6A-B582AC910019}"
EndProject
Project("{8BC9CEB8-8B4A-11D0-8D11-00A0C91BC942}") = "Project42586.FunctionDevelopment", "Project42586.FunctionDevelopment\Project42586.FunctionDevelopment.vcxproj", "{38C60306-056B-4B99-95F8-81BEEBE5531B}"
EndProject
Project("{8BC9CEB8-8B4A-11D0-8D11-00A0C91BC942}") = "Project42587.Printer", "Project42587.Printer\Project42587.Printer.vcxproj", "{600D4FE7-2D39-4345-84C8-451E38D318AF}"
EndProject
Project("{8BC9CEB8-8B4A-11D0-8D11-00A0C91BC942}") = "Project42583.TruckCrossingTheBridge", "Project42583.TruckCrossingTheBridge\Project42583.TruckCrossingTheBridge.vcxproj", "{ECA3B7BA-85C4-4C07-9DA7-09B1A15783A9}"
EndProject
Project("{8BC9CEB8-8B4A-11D0-8D11-00A0C91BC942}") = "Project42584.StockPrice", "Project42584.StockPrice\Project42584.StockPrice.vcxproj", "{DA1BF244-C84D-4576-8E85-82265D02D01F}"
EndProject
Project("{8BC9CEB8-8B4A-11D0-8D11-00A0C91BC942}") = "Project12906.NoMoreSameNumber", "Project12906.NoMoreSameNumber\Project12906.NoMoreSameNumber.vcxproj", "{89129AA7-0118-4804-862E-AF713DD612DB}"
EndProject
Project("{8BC9CEB8-8B4A-11D0-8D11-00A0C91BC942}") = "Project12909.CorrectParenthesis", "Project12909.CorrectParenthesis\Project12909.CorrectParenthesis.vcxproj", "{7654EB6E-197A-4A7F-B407-69D03EBD7FB5}"
EndProject
Project("{8BC9CEB8-8B4A-11D0-8D11-00A0C91BC942}") = "Project42626.MoreSpicy", "Project42626.MoreSpicy\Project42626.MoreSpicy.vcxproj", "{6772D99F-74CE-4296-9E86-A04578F1A91F}"
EndProject
Global
	GlobalSection(SolutionConfigurationPlatforms) = preSolution
		Debug|x64 = Debug|x64
		Debug|x86 = Debug|x86
		Release|x64 = Release|x64
		Release|x86 = Release|x86
	EndGlobalSection
	GlobalSection(ProjectConfigurationPlatforms) = postSolution
		{194F7ED1-F36F-4B27-9349-A1937F058881}.Debug|x64.ActiveCfg = Debug|x64
		{194F7ED1-F36F-4B27-9349-A1937F058881}.Debug|x64.Build.0 = Debug|x64
		{194F7ED1-F36F-4B27-9349-A1937F058881}.Debug|x86.ActiveCfg = Debug|Win32
		{194F7ED1-F36F-4B27-9349-A1937F058881}.Debug|x86.Build.0 = Debug|Win32
		{194F7ED1-F36F-4B27-9349-A1937F058881}.Release|x64.ActiveCfg = Release|x64
		{194F7ED1-F36F-4B27-9349-A1937F058881}.Release|x64.Build.0 = Release|x64
		{194F7ED1-F36F-4B27-9349-A1937F058881}.Release|x86.ActiveCfg = Release|Win32
		{194F7ED1-F36F-4B27-9349-A1937F058881}.Release|x86.Build.0 = Release|Win32
		{013DE9CF-657A-4C72-AE04-BCB1CA27EF8E}.Debug|x64.ActiveCfg = Debug|x64
		{013DE9CF-657A-4C72-AE04-BCB1CA27EF8E}.Debug|x64.Build.0 = Debug|x64
		{013DE9CF-657A-4C72-AE04-BCB1CA27EF8E}.Debug|x86.ActiveCfg = Debug|Win32
		{013DE9CF-657A-4C72-AE04-BCB1CA27EF8E}.Debug|x86.Build.0 = Debug|Win32
		{013DE9CF-657A-4C72-AE04-BCB1CA27EF8E}.Release|x64.ActiveCfg = Release|x64
		{013DE9CF-657A-4C72-AE04-BCB1CA27EF8E}.Release|x64.Build.0 = Release|x64
		{013DE9CF-657A-4C72-AE04-BCB1CA27EF8E}.Release|x86.ActiveCfg = Release|Win32
		{013DE9CF-657A-4C72-AE04-BCB1CA27EF8E}.Release|x86.Build.0 = Release|Win32
		{7A4C607F-C777-424B-8C66-23B2FE0363F0}.Debug|x64.ActiveCfg = Debug|x64
		{7A4C607F-C777-424B-8C66-23B2FE0363F0}.Debug|x64.Build.0 = Debug|x64
		{7A4C607F-C777-424B-8C66-23B2FE0363F0}.Debug|x86.ActiveCfg = Debug|Win32
		{7A4C607F-C777-424B-8C66-23B2FE0363F0}.Debug|x86.Build.0 = Debug|Win32
		{7A4C607F-C777-424B-8C66-23B2FE0363F0}.Release|x64.ActiveCfg = Release|x64
		{7A4C607F-C777-424B-8C66-23B2FE0363F0}.Release|x64.Build.0 = Release|x64
		{7A4C607F-C777-424B-8C66-23B2FE0363F0}.Release|x86.ActiveCfg = Release|Win32
		{7A4C607F-C777-424B-8C66-23B2FE0363F0}.Release|x86.Build.0 = Release|Win32
		{330A9723-A13C-44F5-94DF-A718679679B8}.Debug|x64.ActiveCfg = Debug|x64
		{330A9723-A13C-44F5-94DF-A718679679B8}.Debug|x64.Build.0 = Debug|x64
		{330A9723-A13C-44F5-94DF-A718679679B8}.Debug|x86.ActiveCfg = Debug|Win32
		{330A9723-A13C-44F5-94DF-A718679679B8}.Debug|x86.Build.0 = Debug|Win32
		{330A9723-A13C-44F5-94DF-A718679679B8}.Release|x64.ActiveCfg = Release|x64
		{330A9723-A13C-44F5-94DF-A718679679B8}.Release|x64.Build.0 = Release|x64
		{330A9723-A13C-44F5-94DF-A718679679B8}.Release|x86.ActiveCfg = Release|Win32
		{330A9723-A13C-44F5-94DF-A718679679B8}.Release|x86.Build.0 = Release|Win32
		{2F723184-8B4F-4F67-BDC2-FC4204434492}.Debug|x64.ActiveCfg = Debug|x64
		{2F723184-8B4F-4F67-BDC2-FC4204434492}.Debug|x64.Build.0 = Debug|x64
		{2F723184-8B4F-4F67-BDC2-FC4204434492}.Debug|x86.ActiveCfg = Debug|Win32
		{2F723184-8B4F-4F67-BDC2-FC4204434492}.Debug|x86.Build.0 = Debug|Win32
		{2F723184-8B4F-4F67-BDC2-FC4204434492}.Release|x64.ActiveCfg = Release|x64
		{2F723184-8B4F-4F67-BDC2-FC4204434492}.Release|x64.Build.0 = Release|x64
		{2F723184-8B4F-4F67-BDC2-FC4204434492}.Release|x86.ActiveCfg = Release|Win32
		{2F723184-8B4F-4F67-BDC2-FC4204434492}.Release|x86.Build.0 = Release|Win32
		{B3BAD8A2-CFA3-4D03-9B28-8269D5B6EF34}.Debug|x64.ActiveCfg = Debug|x64
		{B3BAD8A2-CFA3-4D03-9B28-8269D5B6EF34}.Debug|x64.Build.0 = Debug|x64
		{B3BAD8A2-CFA3-4D03-9B28-8269D5B6EF34}.Debug|x86.ActiveCfg = Debug|Win32
		{B3BAD8A2-CFA3-4D03-9B28-8269D5B6EF34}.Debug|x86.Build.0 = Debug|Win32
		{B3BAD8A2-CFA3-4D03-9B28-8269D5B6EF34}.Release|x64.ActiveCfg = Release|x64
		{B3BAD8A2-CFA3-4D03-9B28-8269D5B6EF34}.Release|x64.Build.0 = Release|x64
		{B3BAD8A2-CFA3-4D03-9B28-8269D5B6EF34}.Release|x86.ActiveCfg = Release|Win32
		{B3BAD8A2-CFA3-4D03-9B28-8269D5B6EF34}.Release|x86.Build.0 = Release|Win32
		{CD13645B-A20A-416F-A356-583E817929DF}.Debug|x64.ActiveCfg = Debug|x64
		{CD13645B-A20A-416F-A356-583E817929DF}.Debug|x64.Build.0 = Debug|x64
		{CD13645B-A20A-416F-A356-583E817929DF}.Debug|x86.ActiveCfg = Debug|Win32
		{CD13645B-A20A-416F-A356-583E817929DF}.Debug|x86.Build.0 = Debug|Win32
		{CD13645B-A20A-416F-A356-583E817929DF}.Release|x64.ActiveCfg = Release|x64
		{CD13645B-A20A-416F-A356-583E817929DF}.Release|x64.Build.0 = Release|x64
		{CD13645B-A20A-416F-A356-583E817929DF}.Release|x86.ActiveCfg = Release|Win32
		{CD13645B-A20A-416F-A356-583E817929DF}.Release|x86.Build.0 = Release|Win32
		{BBC80375-5D0A-4051-B5D6-1EF1277B2F22}.Debug|x64.ActiveCfg = Debug|x64
		{BBC80375-5D0A-4051-B5D6-1EF1277B2F22}.Debug|x64.Build.0 = Debug|x64
		{BBC80375-5D0A-4051-B5D6-1EF1277B2F22}.Debug|x86.ActiveCfg = Debug|Win32
		{BBC80375-5D0A-4051-B5D6-1EF1277B2F22}.Debug|x86.Build.0 = Debug|Win32
		{BBC80375-5D0A-4051-B5D6-1EF1277B2F22}.Release|x64.ActiveCfg = Release|x64
		{BBC80375-5D0A-4051-B5D6-1EF1277B2F22}.Release|x64.Build.0 = Release|x64
		{BBC80375-5D0A-4051-B5D6-1EF1277B2F22}.Release|x86.ActiveCfg = Release|Win32
		{BBC80375-5D0A-4051-B5D6-1EF1277B2F22}.Release|x86.Build.0 = Release|Win32
		{2766D98C-7DBD-46F0-92D8-1253EE2D3A90}.Debug|x64.ActiveCfg = Debug|x64
		{2766D98C-7DBD-46F0-92D8-1253EE2D3A90}.Debug|x64.Build.0 = Debug|x64
		{2766D98C-7DBD-46F0-92D8-1253EE2D3A90}.Debug|x86.ActiveCfg = Debug|Win32
		{2766D98C-7DBD-46F0-92D8-1253EE2D3A90}.Debug|x86.Build.0 = Debug|Win32
		{2766D98C-7DBD-46F0-92D8-1253EE2D3A90}.Release|x64.ActiveCfg = Release|x64
		{2766D98C-7DBD-46F0-92D8-1253EE2D3A90}.Release|x64.Build.0 = Release|x64
		{2766D98C-7DBD-46F0-92D8-1253EE2D3A90}.Release|x86.ActiveCfg = Release|Win32
		{2766D98C-7DBD-46F0-92D8-1253EE2D3A90}.Release|x86.Build.0 = Release|Win32
		{98409309-BF18-473D-AB6A-B582AC910019}.Debug|x64.ActiveCfg = Debug|x64
		{98409309-BF18-473D-AB6A-B582AC910019}.Debug|x64.Build.0 = Debug|x64
		{98409309-BF18-473D-AB6A-B582AC910019}.Debug|x86.ActiveCfg = Debug|Win32
		{98409309-BF18-473D-AB6A-B582AC910019}.Debug|x86.Build.0 = Debug|Win32
		{98409309-BF18-473D-AB6A-B582AC910019}.Release|x64.ActiveCfg = Release|x64
		{98409309-BF18-473D-AB6A-B582AC910019}.Release|x64.Build.0 = Release|x64
		{98409309-BF18-473D-AB6A-B582AC910019}.Release|x86.ActiveCfg = Release|Win32
		{98409309-BF18-473D-AB6A-B582AC910019}.Release|x86.Build.0 = Release|Win32
		{38C60306-056B-4B99-95F8-81BEEBE5531B}.Debug|x64.ActiveCfg = Debug|x64
		{38C60306-056B-4B99-95F8-81BEEBE5531B}.Debug|x64.Build.0 = Debug|x64
		{38C60306-056B-4B99-95F8-81BEEBE5531B}.Debug|x86.ActiveCfg = Debug|Win32
		{38C60306-056B-4B99-95F8-81BEEBE5531B}.Debug|x86.Build.0 = Debug|Win32
		{38C60306-056B-4B99-95F8-81BEEBE5531B}.Release|x64.ActiveCfg = Release|x64
		{38C60306-056B-4B99-95F8-81BEEBE5531B}.Release|x64.Build.0 = Release|x64
		{38C60306-056B-4B99-95F8-81BEEBE5531B}.Release|x86.ActiveCfg = Release|Win32
		{38C60306-056B-4B99-95F8-81BEEBE5531B}.Release|x86.Build.0 = Release|Win32
		{600D4FE7-2D39-4345-84C8-451E38D318AF}.Debug|x64.ActiveCfg = Debug|x64
		{600D4FE7-2D39-4345-84C8-451E38D318AF}.Debug|x64.Build.0 = Debug|x64
		{600D4FE7-2D39-4345-84C8-451E38D318AF}.Debug|x86.ActiveCfg = Debug|Win32
		{600D4FE7-2D39-4345-84C8-451E38D318AF}.Debug|x86.Build.0 = Debug|Win32
		{600D4FE7-2D39-4345-84C8-451E38D318AF}.Release|x64.ActiveCfg = Release|x64
		{600D4FE7-2D39-4345-84C8-451E38D318AF}.Release|x64.Build.0 = Release|x64
		{600D4FE7-2D39-4345-84C8-451E38D318AF}.Release|x86.ActiveCfg = Release|Win32
		{600D4FE7-2D39-4345-84C8-451E38D318AF}.Release|x86.Build.0 = Release|Win32
		{ECA3B7BA-85C4-4C07-9DA7-09B1A15783A9}.Debug|x64.ActiveCfg = Debug|x64
		{ECA3B7BA-85C4-4C07-9DA7-09B1A15783A9}.Debug|x64.Build.0 = Debug|x64
		{ECA3B7BA-85C4-4C07-9DA7-09B1A15783A9}.Debug|x86.ActiveCfg = Debug|Win32
		{ECA3B7BA-85C4-4C07-9DA7-09B1A15783A9}.Debug|x86.Build.0 = Debug|Win32
		{ECA3B7BA-85C4-4C07-9DA7-09B1A15783A9}.Release|x64.ActiveCfg = Release|x64
		{ECA3B7BA-85C4-4C07-9DA7-09B1A15783A9}.Release|x64.Build.0 = Release|x64
		{ECA3B7BA-85C4-4C07-9DA7-09B1A15783A9}.Release|x86.ActiveCfg = Release|Win32
		{ECA3B7BA-85C4-4C07-9DA7-09B1A15783A9}.Release|x86.Build.0 = Release|Win32
		{DA1BF244-C84D-4576-8E85-82265D02D01F}.Debug|x64.ActiveCfg = Debug|x64
		{DA1BF244-C84D-4576-8E85-82265D02D01F}.Debug|x64.Build.0 = Debug|x64
		{DA1BF244-C84D-4576-8E85-82265D02D01F}.Debug|x86.ActiveCfg = Debug|Win32
		{DA1BF244-C84D-4576-8E85-82265D02D01F}.Debug|x86.Build.0 = Debug|Win32
		{DA1BF244-C84D-4576-8E85-82265D02D01F}.Release|x64.ActiveCfg = Release|x64
		{DA1BF244-C84D-4576-8E85-82265D02D01F}.Release|x64.Build.0 = Release|x64
		{DA1BF244-C84D-4576-8E85-82265D02D01F}.Release|x86.ActiveCfg = Release|Win32
		{DA1BF244-C84D-4576-8E85-82265D02D01F}.Release|x86.Build.0 = Release|Win32
		{89129AA7-0118-4804-862E-AF713DD612DB}.Debug|x64.ActiveCfg = Debug|x64
		{89129AA7-0118-4804-862E-AF713DD612DB}.Debug|x64.Build.0 = Debug|x64
		{89129AA7-0118-4804-862E-AF713DD612DB}.Debug|x86.ActiveCfg = Debug|Win32
		{89129AA7-0118-4804-862E-AF713DD612DB}.Debug|x86.Build.0 = Debug|Win32
		{89129AA7-0118-4804-862E-AF713DD612DB}.Release|x64.ActiveCfg = Release|x64
		{89129AA7-0118-4804-862E-AF713DD612DB}.Release|x64.Build.0 = Release|x64
		{89129AA7-0118-4804-862E-AF713DD612DB}.Release|x86.ActiveCfg = Release|Win32
		{89129AA7-0118-4804-862E-AF713DD612DB}.Release|x86.Build.0 = Release|Win32
		{7654EB6E-197A-4A7F-B407-69D03EBD7FB5}.Debug|x64.ActiveCfg = Debug|x64
		{7654EB6E-197A-4A7F-B407-69D03EBD7FB5}.Debug|x64.Build.0 = Debug|x64
		{7654EB6E-197A-4A7F-B407-69D03EBD7FB5}.Debug|x86.ActiveCfg = Debug|Win32
		{7654EB6E-197A-4A7F-B407-69D03EBD7FB5}.Debug|x86.Build.0 = Debug|Win32
		{7654EB6E-197A-4A7F-B407-69D03EBD7FB5}.Release|x64.ActiveCfg = Release|x64
		{7654EB6E-197A-4A7F-B407-69D03EBD7FB5}.Release|x64.Build.0 = Release|x64
		{7654EB6E-197A-4A7F-B407-69D03EBD7FB5}.Release|x86.ActiveCfg = Release|Win32
		{7654EB6E-197A-4A7F-B407-69D03EBD7FB5}.Release|x86.Build.0 = Release|Win32
		{6772D99F-74CE-4296-9E86-A04578F1A91F}.Debug|x64.ActiveCfg = Debug|x64
		{6772D99F-74CE-4296-9E86-A04578F1A91F}.Debug|x64.Build.0 = Debug|x64
		{6772D99F-74CE-4296-9E86-A04578F1A91F}.Debug|x86.ActiveCfg = Debug|Win32
		{6772D99F-74CE-4296-9E86-A04578F1A91F}.Debug|x86.Build.0 = Debug|Win32
		{6772D99F-74CE-4296-9E86-A04578F1A91F}.Release|x64.ActiveCfg = Release|x64
		{6772D99F-74CE-4296-9E86-A04578F1A91F}.Release|x64.Build.0 = Release|x64
		{6772D99F-74CE-4296-9E86-A04578F1A91F}.Release|x86.ActiveCfg = Release|Win32
		{6772D99F-74CE-4296-9E86-A04578F1A91F}.Release|x86.Build.0 = Release|Win32
	EndGlobalSection
	GlobalSection(SolutionProperties) = preSolution
		HideSolutionNode = FALSE
	EndGlobalSection
	GlobalSection(ExtensibilityGlobals) = postSolution
		SolutionGuid = {51FB7DA4-0123-4EC8-90DE-4E760D8696B5}
	EndGlobalSection
EndGlobal
